PODS:
  - Flutter (1.0.0)
  - seon_plugin (3.0.0):
    - Flutter
    - SeonSDK (~> 5.0.0)
  - SeonSDK (5.0.0)

DEPENDENCIES:
  - Flutter (from `Flutter`)
  - seon_plugin (from `.symlinks/plugins/seon_plugin/ios`)

SPEC REPOS:
  trunk:
    - SeonSDK

EXTERNAL SOURCES:
  Flutter:
    :path: Flutter
  seon_plugin:
    :path: ".symlinks/plugins/seon_plugin/ios"

SPEC CHECKSUMS:
  Flutter: f04841e97a9d0b0a8025694d0796dd46242b2854
  seon_plugin: aa0b9450d85fd4691bd7be7681a98d0d7dfdfecc
  SeonSDK: 6f350696536fe9c88b3098577716a624cfc741e3

PODFILE CHECKSUM: 7368163408c647b7eb699d0d788ba6718e18fb8d

COCOAPODS: 1.12.1
